// !$*UTF8*$!
{
	archiveVersion = 1;
	classes = {
	};
	objectVersion = 56;
	objects = {

/* Begin PBXBuildFile section */
		0A2923692C86BFD6008C2578 /* File.swift in Sources */ = {isa = PBXBuildFile; fileRef = 0A2923682C86BFD6008C2578 /* File.swift */; };
		0AC1BD632C7865010032F230 /* EncodingData.swift in Sources */ = {isa = PBXBuildFile; fileRef = 0AC1BD622C7865010032F230 /* EncodingData.swift */; };
		0AD98FB92C7DE3FE00DF0049 /* ApiSecret.swift in Sources */ = {isa = PBXBuildFile; fileRef = 0AD98FB82C7DE3FE00DF0049 /* ApiSecret.swift */; };
		0AEE24EE2C773BAE00F68156 /* AppDelegate.swift in Sources */ = {isa = PBXBuildFile; fileRef = 0AEE24ED2C773BAE00F68156 /* AppDelegate.swift */; };
		0AEE24F02C773BAE00F68156 /* SceneDelegate.swift in Sources */ = {isa = PBXBuildFile; fileRef = 0AEE24EF2C773BAE00F68156 /* SceneDelegate.swift */; };
		0AEE24F22C773BAE00F68156 /* ViewController.swift in Sources */ = {isa = PBXBuildFile; fileRef = 0AEE24F12C773BAE00F68156 /* ViewController.swift */; };
		0AEE24F52C773BAE00F68156 /* Base in Resources */ = {isa = PBXBuildFile; fileRef = 0AEE24F42C773BAE00F68156 /* Base */; };
		0AEE24F72C773BB000F68156 /* Assets.xcassets in Resources */ = {isa = PBXBuildFile; fileRef = 0AEE24F62C773BB000F68156 /* Assets.xcassets */; };
		0AEE24FA2C773BB000F68156 /* Base in Resources */ = {isa = PBXBuildFile; fileRef = 0AEE24F92C773BB000F68156 /* Base */; };
		0AEE25022C773BE300F68156 /* JsonManager.swift in Sources */ = {isa = PBXBuildFile; fileRef = 0AEE25012C773BE300F68156 /* JsonManager.swift */; };
		0AEE25042C77412500F68156 /* DataModel.swift in Sources */ = {isa = PBXBuildFile; fileRef = 0AEE25032C77412500F68156 /* DataModel.swift */; };
/* End PBXBuildFile section */

/* Begin PBXFileReference section */
		0A2923682C86BFD6008C2578 /* File.swift */ = {isa = PBXFileReference; lastKnownFileType = sourcecode.swift; path = File.swift; sourceTree = "<group>"; };
		0AC1BD622C7865010032F230 /* EncodingData.swift */ = {isa = PBXFileReference; lastKnownFileType = sourcecode.swift; path = EncodingData.swift; sourceTree = "<group>"; };
		0AD98FB82C7DE3FE00DF0049 /* ApiSecret.swift */ = {isa = PBXFileReference; lastKnownFileType = sourcecode.swift; name = ApiSecret.swift; path = ../../../../Downloads/ApiSecret.swift; sourceTree = "<group>"; };
		0AEE24EA2C773BAE00F68156 /* APIaryJson.app */ = {isa = PBXFileReference; explicitFileType = wrapper.application; includeInIndex = 0; path = APIaryJson.app; sourceTree = BUILT_PRODUCTS_DIR; };
		0AEE24ED2C773BAE00F68156 /* AppDelegate.swift */ = {isa = PBXFileReference; lastKnownFileType = sourcecode.swift; path = AppDelegate.swift; sourceTree = "<group>"; };
		0AEE24EF2C773BAE00F68156 /* SceneDelegate.swift */ = {isa = PBXFileReference; lastKnownFileType = sourcecode.swift; path = SceneDelegate.swift; sourceTree = "<group>"; };
		0AEE24F12C773BAE00F68156 /* ViewController.swift */ = {isa = PBXFileReference; lastKnownFileType = sourcecode.swift; path = ViewController.swift; sourceTree = "<group>"; };
		0AEE24F42C773BAE00F68156 /* Base */ = {isa = PBXFileReference; lastKnownFileType = file.storyboard; name = Base; path = Base.lproj/Main.storyboard; sourceTree = "<group>"; };
		0AEE24F62C773BB000F68156 /* Assets.xcassets */ = {isa = PBXFileReference; lastKnownFileType = folder.assetcatalog; path = Assets.xcassets; sourceTree = "<group>"; };
		0AEE24F92C773BB000F68156 /* Base */ = {isa = PBXFileReference; lastKnownFileType = file.storyboard; name = Base; path = Base.lproj/LaunchScreen.storyboard; sourceTree = "<group>"; };
		0AEE24FB2C773BB000F68156 /* Info.plist */ = {isa = PBXFileReference; lastKnownFileType = text.plist.xml; path = Info.plist; sourceTree = "<group>"; };
		0AEE25012C773BE300F68156 /* JsonManager.swift */ = {isa = PBXFileReference; lastKnownFileType = sourcecode.swift; path = JsonManager.swift; sourceTree = "<group>"; };
		0AEE25032C77412500F68156 /* DataModel.swift */ = {isa = PBXFileReference; lastKnownFileType = sourcecode.swift; path = DataModel.swift; sourceTree = "<group>"; };
/* End PBXFileReference section */

/* Begin PBXFrameworksBuildPhase section */
		0AEE24E72C773BAE00F68156 /* Frameworks */ = {
			isa = PBXFrameworksBuildPhase;
			buildActionMask = 2147483647;
			files = (
			);
			runOnlyForDeploymentPostprocessing = 0;
		};
/* End PBXFrameworksBuildPhase section */

/* Begin PBXGroup section */
		0AEE24E12C773BAE00F68156 = {
			isa = PBXGroup;
			children = (
				0AEE24EC2C773BAE00F68156 /* APIaryJson */,
				0AEE24EB2C773BAE00F68156 /* Products */,
			);
			sourceTree = "<group>";
		};
		0AEE24EB2C773BAE00F68156 /* Products */ = {
			isa = PBXGroup;
			children = (
				0AEE24EA2C773BAE00F68156 /* APIaryJson.app */,
			);
			name = Products;
			sourceTree = "<group>";
		};
		0AEE24EC2C773BAE00F68156 /* APIaryJson */ = {
			isa = PBXGroup;
			children = (
				0AEE24ED2C773BAE00F68156 /* AppDelegate.swift */,
				0AEE24EF2C773BAE00F68156 /* SceneDelegate.swift */,
				0AEE24F12C773BAE00F68156 /* ViewController.swift */,
				0AEE24F32C773BAE00F68156 /* Main.storyboard */,
				0AEE24F62C773BB000F68156 /* Assets.xcassets */,
				0AEE24F82C773BB000F68156 /* LaunchScreen.storyboard */,
				0AEE24FB2C773BB000F68156 /* Info.plist */,
				0AEE25012C773BE300F68156 /* JsonManager.swift */,
				0AEE25032C77412500F68156 /* DataModel.swift */,
				0AC1BD622C7865010032F230 /* EncodingData.swift */,
				0AD98FB82C7DE3FE00DF0049 /* ApiSecret.swift */,
				0A2923682C86BFD6008C2578 /* File.swift */,
			);
			path = APIaryJson;
			sourceTree = "<group>";
		};
/* End PBXGroup section */

/* Begin PBXNativeTarget section */
		0AEE24E92C773BAE00F68156 /* APIaryJson */ = {
			isa = PBXNativeTarget;
			buildConfigurationList = 0AEE24FE2C773BB000F68156 /* Build configuration list for PBXNativeTarget "APIaryJson" */;
			buildPhases = (
				0AEE24E62C773BAE00F68156 /* Sources */,
				0AEE24E72C773BAE00F68156 /* Frameworks */,
				0AEE24E82C773BAE00F68156 /* Resources */,
			);
			buildRules = (
			);
			dependencies = (
			);
			name = APIaryJson;
			productName = APIaryJson;
			productReference = 0AEE24EA2C773BAE00F68156 /* APIaryJson.app */;
			productType = "com.apple.product-type.application";
		};
/* End PBXNativeTarget section */

/* Begin PBXProject section */
		0AEE24E22C773BAE00F68156 /* Project object */ = {
			isa = PBXProject;
			attributes = {
				BuildIndependentTargetsInParallel = 1;
				LastSwiftUpdateCheck = 1540;
				LastUpgradeCheck = 1540;
				TargetAttributes = {
					0AEE24E92C773BAE00F68156 = {
						CreatedOnToolsVersion = 15.4;
					};
				};
			};
			buildConfigurationList = 0AEE24E52C773BAE00F68156 /* Build configuration list for PBXProject "APIaryJson" */;
			compatibilityVersion = "Xcode 14.0";
			developmentRegion = en;
			hasScannedForEncodings = 0;
			knownRegions = (
				en,
				Base,
			);
			mainGroup = 0AEE24E12C773BAE00F68156;
			productRefGroup = 0AEE24EB2C773BAE00F68156 /* Products */;
			projectDirPath = "";
			projectRoot = "";
			targets = (
				0AEE24E92C773BAE00F68156 /* APIaryJson */,
			);
		};
/* End PBXProject section */

/* Begin PBXResourcesBuildPhase section */
		0AEE24E82C773BAE00F68156 /* Resources */ = {
			isa = PBXResourcesBuildPhase;
			buildActionMask = 2147483647;
			files = (
				0AEE24F72C773BB000F68156 /* Assets.xcassets in Resources */,
				0AEE24FA2C773BB000F68156 /* Base in Resources */,
				0AEE24F52C773BAE00F68156 /* Base in Resources */,
			);
			runOnlyForDeploymentPostprocessing = 0;
		};
/* End PBXResourcesBuildPhase section */

/* Begin PBXSourcesBuildPhase section */
		0AEE24E62C773BAE00F68156 /* Sources */ = {
			isa = PBXSourcesBuildPhase;
			buildActionMask = 2147483647;
			files = (
				0AEE25042C77412500F68156 /* DataModel.swift in Sources */,
				0AD98FB92C7DE3FE00DF0049 /* ApiSecret.swift in Sources */,
				0AEE24F22C773BAE00F68156 /* ViewController.swift in Sources */,
				0AEE25022C773BE300F68156 /* JsonManager.swift in Sources */,
				0AEE24EE2C773BAE00F68156 /* AppDelegate.swift in Sources */,
				0A2923692C86BFD6008C2578 /* File.swift in Sources */,
				0AC1BD632C7865010032F230 /* EncodingData.swift in Sources */,
				0AEE24F02C773BAE00F68156 /* SceneDelegate.swift in Sources */,
			);
			runOnlyForDeploymentPostprocessing = 0;
		};
/* End PBXSourcesBuildPhase section */

/* Begin PBXVariantGroup section */
		0AEE24F32C773BAE00F68156 /* Main.storyboard */ = {
			isa = PBXVariantGroup;
			children = (
				0AEE24F42C773BAE00F68156 /* Base */,
			);
			name = Main.storyboard;
			sourceTree = "<group>";
		};
		0AEE24F82C773BB000F68156 /* LaunchScreen.storyboard */ = {
			isa = PBXVariantGroup;
			children = (
				0AEE24F92C773BB000F68156 /* Base */,
			);
			name = LaunchScreen.storyboard;
			sourceTree = "<group>";
		};
/* End PBXVariantGroup section */

/* Begin XCBuildConfiguration section */
		0AEE24FC2C773BB000F68156 /* Debug */ = {
			isa = XCBuildConfiguration;
			buildSettings = {
				ALWAYS_SEARCH_USER_PATHS = NO;
				ASSETCATALOG_COMPILER_GENERATE_SWIFT_ASSET_SYMBOL_EXTENSIONS = YES;
				CLANG_ANALYZER_NONNULL = YES;
				CLANG_ANALYZER_NUMBER_OBJECT_CONVERSION = YES_AGGRESSIVE;
				CLANG_CXX_LANGUAGE_STANDARD = "gnu++20";
				CLANG_ENABLE_MODULES = YES;
				CLANG_ENABLE_OBJC_ARC = YES;
				CLANG_ENABLE_OBJC_WEAK = YES;
				CLANG_WARN_BLOCK_CAPTURE_AUTORELEASING = YES;
				CLANG_WARN_BOOL_CONVERSION = YES;
				CLANG_WARN_COMMA = YES;
				CLANG_WARN_CONSTANT_CONVERSION = YES;
				CLANG_WARN_DEPRECATED_OBJC_IMPLEMENTATIONS = YES;
				CLANG_WARN_DIRECT_OBJC_ISA_USAGE = YES_ERROR;
				CLANG_WARN_DOCUMENTATION_COMMENTS = YES;
				CLANG_WARN_EMPTY_BODY = YES;
				CLANG_WARN_ENUM_CONVERSION = YES;
				CLANG_WARN_INFINITE_RECURSION = YES;
				CLANG_WARN_INT_CONVERSION = YES;
				CLANG_WARN_NON_LITERAL_NULL_CONVERSION = YES;
				CLANG_WARN_OBJC_IMPLICIT_RETAIN_SELF = YES;
				CLANG_WARN_OBJC_LITERAL_CONVERSION = YES;
				CLANG_WARN_OBJC_ROOT_CLASS = YES_ERROR;
				CLANG_WARN_QUOTED_INCLUDE_IN_FRAMEWORK_HEADER = YES;
				CLANG_WARN_RANGE_LOOP_ANALYSIS = YES;
				CLANG_WARN_STRICT_PROTOTYPES = YES;
				CLANG_WARN_SUSPICIOUS_MOVE = YES;
				CLANG_WARN_UNGUARDED_AVAILABILITY = YES_AGGRESSIVE;
				CLANG_WARN_UNREACHABLE_CODE = YES;
				CLANG_WARN__DUPLICATE_METHOD_MATCH = YES;
				COPY_PHASE_STRIP = NO;
				DEBUG_INFORMATION_FORMAT = dwarf;
				ENABLE_STRICT_OBJC_MSGSEND = YES;
				ENABLE_TESTABILITY = YES;
				ENABLE_USER_SCRIPT_SANDBOXING = YES;
				GCC_C_LANGUAGE_STANDARD = gnu17;
				GCC_DYNAMIC_NO_PIC = NO;
				GCC_NO_COMMON_BLOCKS = YES;
				GCC_OPTIMIZATION_LEVEL = 0;
				GCC_PREPROCESSOR_DEFINITIONS = (
					"DEBUG=1",
					"$(inherited)",
				);
				GCC_WARN_64_TO_32_BIT_CONVERSION = YES;
				GCC_WARN_ABOUT_RETURN_TYPE = YES_ERROR;
				GCC_WARN_UNDECLARED_SELECTOR = YES;
				GCC_WARN_UNINITIALIZED_AUTOS = YES_AGGRESSIVE;
				GCC_WARN_UNUSED_FUNCTION = YES;
				GCC_WARN_UNUSED_VARIABLE = YES;
				IPHONEOS_DEPLOYMENT_TARGET = 17.5;
				LOCALIZATION_PREFERS_STRING_CATALOGS = YES;
				MTL_ENABLE_DEBUG_INFO = INCLUDE_SOURCE;
				MTL_FAST_MATH = YES;
				ONLY_ACTIVE_ARCH = YES;
				SDKROOT = iphoneos;
				SWIFT_ACTIVE_COMPILATION_CONDITIONS = "DEBUG $(inherited)";
				SWIFT_OPTIMIZATION_LEVEL = "-Onone";
			};
			name = Debug;
		};
		0AEE24FD2C773BB000F68156 /* Release */ = {
			isa = XCBuildConfiguration;
			buildSettings = {
				ALWAYS_SEARCH_USER_PATHS = NO;
				ASSETCATALOG_COMPILER_GENERATE_SWIFT_ASSET_SYMBOL_EXTENSIONS = YES;
				CLANG_ANALYZER_NONNULL = YES;
				CLANG_ANALYZER_NUMBER_OBJECT_CONVERSION = YES_AGGRESSIVE;
				CLANG_CXX_LANGUAGE_STANDARD = "gnu++20";
				CLANG_ENABLE_MODULES = YES;
				CLANG_ENABLE_OBJC_ARC = YES;
				CLANG_ENABLE_OBJC_WEAK = YES;
				CLANG_WARN_BLOCK_CAPTURE_AUTORELEASING = YES;
				CLANG_WARN_BOOL_CONVERSION = YES;
				CLANG_WARN_COMMA = YES;
				CLANG_WARN_CONSTANT_CONVERSION = YES;
				CLANG_WARN_DEPRECATED_OBJC_IMPLEMENTATIONS = YES;
				CLANG_WARN_DIRECT_OBJC_ISA_USAGE = YES_ERROR;
				CLANG_WARN_DOCUMENTATION_COMMENTS = YES;
				CLANG_WARN_EMPTY_BODY = YES;
				CLANG_WARN_ENUM_CONVERSION = YES;
				CLANG_WARN_INFINITE_RECURSION = YES;
				CLANG_WARN_INT_CONVERSION = YES;
				CLANG_WARN_NON_LITERAL_NULL_CONVERSION = YES;
				CLANG_WARN_OBJC_IMPLICIT_RETAIN_SELF = YES;
				CLANG_WARN_OBJC_LITERAL_CONVERSION = YES;
				CLANG_WARN_OBJC_ROOT_CLASS = YES_ERROR;
				CLANG_WARN_QUOTED_INCLUDE_IN_FRAMEWORK_HEADER = YES;
				CLANG_WARN_RANGE_LOOP_ANALYSIS = YES;
				CLANG_WARN_STRICT_PROTOTYPES = YES;
				CLANG_WARN_SUSPICIOUS_MOVE = YES;
				CLANG_WARN_UNGUARDED_AVAILABILITY = YES_AGGRESSIVE;
				CLANG_WARN_UNREACHABLE_CODE = YES;
				CLANG_WARN__DUPLICATE_METHOD_MATCH = YES;
				COPY_PHASE_STRIP = NO;
				DEBUG_INFORMATION_FORMAT = "dwarf-with-dsym";
				ENABLE_NS_ASSERTIONS = NO;
				ENABLE_STRICT_OBJC_MSGSEND = YES;
				ENABLE_USER_SCRIPT_SANDBOXING = YES;
				GCC_C_LANGUAGE_STANDARD = gnu17;
				GCC_NO_COMMON_BLOCKS = YES;
				GCC_WARN_64_TO_32_BIT_CONVERSION = YES;
				GCC_WARN_ABOUT_RETURN_TYPE = YES_ERROR;
				GCC_WARN_UNDECLARED_SELECTOR = YES;
				GCC_WARN_UNINITIALIZED_AUTOS = YES_AGGRESSIVE;
				GCC_WARN_UNUSED_FUNCTION = YES;
				GCC_WARN_UNUSED_VARIABLE = YES;
				IPHONEOS_DEPLOYMENT_TARGET = 17.5;
				LOCALIZATION_PREFERS_STRING_CATALOGS = YES;
				MTL_ENABLE_DEBUG_INFO = NO;
				MTL_FAST_MATH = YES;
				SDKROOT = iphoneos;
				SWIFT_COMPILATION_MODE = wholemodule;
				VALIDATE_PRODUCT = YES;
			};
			name = Release;
		};
		0AEE24FF2C773BB000F68156 /* Debug */ = {
			isa = XCBuildConfiguration;
			buildSettings = {
				ASSETCATALOG_COMPILER_APPICON_NAME = AppIcon;
				ASSETCATALOG_COMPILER_GLOBAL_ACCENT_COLOR_NAME = AccentColor;
				CODE_SIGN_STYLE = Automatic;
				CURRENT_PROJECT_VERSION = 1;
				GENERATE_INFOPLIST_FILE = YES;
				INFOPLIST_FILE = APIaryJson/Info.plist;
				INFOPLIST_KEY_UIApplicationSupportsIndirectInputEvents = YES;
				INFOPLIST_KEY_UILaunchStoryboardName = LaunchScreen;
				INFOPLIST_KEY_UIMainStoryboardFile = Main;
				INFOPLIST_KEY_UISupportedInterfaceOrientations_iPad = "UIInterfaceOrientationPortrait UIInterfaceOrientationPortraitUpsideDown UIInterfaceOrientationLandscapeLeft UIInterfaceOrientationLandscapeRight";
				INFOPLIST_KEY_UISupportedInterfaceOrientations_iPhone = "UIInterfaceOrientationPortrait UIInterfaceOrientationLandscapeLeft UIInterfaceOrientationLandscapeRight";
				IPHONEOS_DEPLOYMENT_TARGET = 13.0;
				LD_RUNPATH_SEARCH_PATHS = (
					"$(inherited)",
					"@executable_path/Frameworks",
				);
				MARKETING_VERSION = 1.0;
				PRODUCT_BUNDLE_IDENTIFIER = com.sample.APIaryJson;
				PRODUCT_NAME = "$(TARGET_NAME)";
				SWIFT_EMIT_LOC_STRINGS = YES;
				SWIFT_VERSION = 5.0;
				TARGETED_DEVICE_FAMILY = "1,2";
			};
			name = Debug;
		};
		0AEE25002C773BB000F68156 /* Release */ = {
			isa = XCBuildConfiguration;
			buildSettings = {
				ASSETCATALOG_COMPILER_APPICON_NAME = AppIcon;
				ASSETCATALOG_COMPILER_GLOBAL_ACCENT_COLOR_NAME = AccentColor;
				CODE_SIGN_STYLE = Automatic;
				CURRENT_PROJECT_VERSION = 1;
				GENERATE_INFOPLIST_FILE = YES;
				INFOPLIST_FILE = APIaryJson/Info.plist;
				INFOPLIST_KEY_UIApplicationSupportsIndirectInputEvents = YES;
				INFOPLIST_KEY_UILaunchStoryboardName = LaunchScreen;
				INFOPLIST_KEY_UIMainStoryboardFile = Main;
				INFOPLIST_KEY_UISupportedInterfaceOrientations_iPad = "UIInterfaceOrientationPortrait UIInterfaceOrientationPortraitUpsideDown UIInterfaceOrientationLandscapeLeft UIInterfaceOrientationLandscapeRight";
				INFOPLIST_KEY_UISupportedInterfaceOrientations_iPhone = "UIInterfaceOrientationPortrait UIInterfaceOrientationLandscapeLeft UIInterfaceOrientationLandscapeRight";
				IPHONEOS_DEPLOYMENT_TARGET = 13.0;
				LD_RUNPATH_SEARCH_PATHS = (
					"$(inherited)",
					"@executable_path/Frameworks",
				);
				MARKETING_VERSION = 1.0;
				PRODUCT_BUNDLE_IDENTIFIER = com.sample.APIaryJson;
				PRODUCT_NAME = "$(TARGET_NAME)";
				SWIFT_EMIT_LOC_STRINGS = YES;
				SWIFT_VERSION = 5.0;
				TARGETED_DEVICE_FAMILY = "1,2";
			};
			name = Release;
		};
/* End XCBuildConfiguration section */

/* Begin XCConfigurationList section */
		0AEE24E52C773BAE00F68156 /* Build configuration list for PBXProject "APIaryJson" */ = {
			isa = XCConfigurationList;
			buildConfigurations = (
				0AEE24FC2C773BB000F68156 /* Debug */,
				0AEE24FD2C773BB000F68156 /* Release */,
			);
			defaultConfigurationIsVisible = 0;
			defaultConfigurationName = Release;
		};
		0AEE24FE2C773BB000F68156 /* Build configuration list for PBXNativeTarget "APIaryJson" */ = {
			isa = XCConfigurationList;
			buildConfigurations = (
				0AEE24FF2C773BB000F68156 /* Debug */,
				0AEE25002C773BB000F68156 /* Release */,
			);
			defaultConfigurationIsVisible = 0;
			defaultConfigurationName = Release;
		};
/* End XCConfigurationList section */
	};
	rootObject = 0AEE24E22C773BAE00F68156 /* Project object */;
}
